<?xml version="1.0" encoding="utf-8"?>
<Project ToolsVersion="4.0" xmlns="http://schemas.microsoft.com/developer/msbuild/2003">
  <ItemGroup>
    <Filter Include="Source Files">
      <UniqueIdentifier>{4FC737F1-C7A5-4376-A066-2A32D752A2FF}</UniqueIdentifier>
      <Extensions>cpp;c;cc;cxx;c++;cppm;ixx;def;odl;idl;hpj;bat;asm;asmx</Extensions>
    </Filter>
    <Filter Include="Header Files">
      <UniqueIdentifier>{93995380-89BD-4b04-88EB-625FBE52EBFB}</UniqueIdentifier>
      <Extensions>h;hh;hpp;hxx;h++;hm;inl;inc;ipp;xsd</Extensions>
    </Filter>
    <Filter Include="Resource Files">
      <UniqueIdentifier>{67DA6AB6-F800-4c08-8B7A-83BB121AAD01}</UniqueIdentifier>
      <Extensions>rc;ico;cur;bmp;dlg;rc2;rct;bin;rgs;gif;jpg;jpeg;jpe;resx;tiff;tif;png;wav;mfcribbon-ms</Extensions>
    </Filter>
  </ItemGroup>
  <ItemGroup>
    <ClCompile Include="Source.cpp">
      <Filter>Source Files</Filter>
    </ClCompile>
    <ClCompile Include="C0-Character.cpp">
      <Filter>Source Files</Filter>
    </ClCompile>
    <ClCompile Include="C1-Knight.cpp">
      <Filter>Source Files</Filter>
    </ClCompile>
    <ClCompile Include="C2-Orc.cpp">
      <Filter>Source Files</Filter>
    </ClCompile>
    <ClCompile Include="W0-Weapon.cpp">
      <Filter>Source Files</Filter>
    </ClCompile>
    <ClCompile Include="S0-Skill.cpp">
      <Filter>Source Files</Filter>
    </ClCompile>
    <ClCompile Include="S1-Charge.cpp">
      <Filter>Source Files</Filter>
    </ClCompile>
    <ClCompile Include="S2-Stun.cpp">
      <Filter>Source Files</Filter>
    </ClCompile>
    <ClCompile Include="W1-BaseSword.cpp">
      <Filter>Source Files</Filter>
    </ClCompile>
    <ClCompile Include="W2-BaseAxe.cpp">
      <Filter>Source Files</Filter>
    </ClCompile>
    <ClCompile Include="W3-BaseShield.cpp">
      <Filter>Source Files</Filter>
    </ClCompile>
    <ClCompile Include="P0-Player.cpp">
      <Filter>Source Files</Filter>
    </ClCompile>
  </ItemGroup>
  <ItemGroup>
    <ClInclude Include="C0-Character.h">
      <Filter>Header Files</Filter>
    </ClInclude>
    <ClInclude Include="C1-Knight.h">
      <Filter>Header Files</Filter>
    </ClInclude>
    <ClInclude Include="C2-Orc.h">
      <Filter>Header Files</Filter>
    </ClInclude>
    <ClInclude Include="W0-Weapon.h">
      <Filter>Header Files</Filter>
    </ClInclude>
    <ClInclude Include="S0-Skill.h">
      <Filter>Header Files</Filter>
    </ClInclude>
    <ClInclude Include="S1-Charge.h">
      <Filter>Header Files</Filter>
    </ClInclude>
    <ClInclude Include="S2-Stun.h">
      <Filter>Header Files</Filter>
    </ClInclude>
    <ClInclude Include="W1-BaseSword.h">
      <Filter>Header Files</Filter>
    </ClInclude>
    <ClInclude Include="W2-BaseAxe.h">
      <Filter>Header Files</Filter>
    </ClInclude>
    <ClInclude Include="W3-BaseShield.h">
      <Filter>Header Files</Filter>
    </ClInclude>
    <ClInclude Include="0-lib.h">
      <Filter>Header Files</Filter>
    </ClInclude>
    <ClInclude Include="2-weapons.h">
      <Filter>Header Files</Filter>
    </ClInclude>
    <ClInclude Include="1-characters.h">
      <Filter>Header Files</Filter>
    </ClInclude>
    <ClInclude Include="3-skills.h">
      <Filter>Header Files</Filter>
    </ClInclude>
    <ClInclude Include="P0-Player.h">
      <Filter>Header Files</Filter>
    </ClInclude>
  </ItemGroup>
</Project>